
Microsoft Visual Studio Solution File, Format Version 12.00
# Visual Studio Version 17
VisualStudioVersion = 17.7.34003.232
MinimumVisualStudioVersion = 10.0.40219.1
Project("{9A19103F-16F7-4668-BE54-9A1E7A4F7556}") = "data", "data.csproj", "{4CCC9A2E-256B-4703-A7B6-A0ED7FB6C3CE}"
EndProject
Global
	GlobalSection(SolutionConfigurationPlatforms) = preSolution
		Debug|Any CPU = Debug|Any CPU
		Release|Any CPU = Release|Any CPU
	EndGlobalSection
	GlobalSection(ProjectConfigurationPlatforms) = postSolution
		{4CCC9A2E-256B-4703-A7B6-A0ED7FB6C3CE}.Debug|Any CPU.ActiveCfg = Debug|Any CPU
		{4CCC9A2E-256B-4703-A7B6-A0ED7FB6C3CE}.Debug|Any CPU.Build.0 = Debug|Any CPU
		{4CCC9A2E-256B-4703-A7B6-A0ED7FB6C3CE}.Release|Any CPU.ActiveCfg = Release|Any CPU
		{4CCC9A2E-256B-4703-A7B6-A0ED7FB6C3CE}.Release|Any CPU.Build.0 = Release|Any CPU
	EndGlobalSection
	GlobalSection(SolutionProperties) = preSolution
		HideSolutionNode = FALSE
	EndGlobalSection
	GlobalSection(ExtensibilityGlobals) = postSolution
		SolutionGuid = {54564CF3-4213-4665-A1FF-265B46E64666}
	EndGlobalSection
EndGlobal
